
Microsoft Visual Studio Solution File, Format Version 12.00
# Visual Studio Version 16
VisualStudioVersion = 16.0.30225.117
MinimumVisualStudioVersion = 10.0.40219.1
Project("{FAE04EC0-301F-11D3-BF4B-00C04F79EFBC}") = "ProjetoTeste", "ProjetoTeste\ProjetoTeste.csproj", "{16C0B5F3-8C00-4428-A9FE-8180F590DBED}"
EndProject
Global
	GlobalSection(SolutionConfigurationPlatforms) = preSolution
		Debug|Any CPU = Debug|Any CPU
		Release|Any CPU = Release|Any CPU
	EndGlobalSection
	GlobalSection(ProjectConfigurationPlatforms) = postSolution
		{16C0B5F3-8C00-4428-A9FE-8180F590DBED}.Debug|Any CPU.ActiveCfg = Debug|Any CPU
		{16C0B5F3-8C00-4428-A9FE-8180F590DBED}.Debug|Any CPU.Build.0 = Debug|Any CPU
		{16C0B5F3-8C00-4428-A9FE-8180F590DBED}.Release|Any CPU.ActiveCfg = Release|Any CPU
		{16C0B5F3-8C00-4428-A9FE-8180F590DBED}.Release|Any CPU.Build.0 = Release|Any CPU
	EndGlobalSection
	GlobalSection(SolutionProperties) = preSolution
		HideSolutionNode = FALSE
	EndGlobalSection
	GlobalSection(ExtensibilityGlobals) = postSolution
		SolutionGuid = {A826647B-F8FD-4F6D-B7F0-BBCA42F46569}
	EndGlobalSection
EndGlobal
